
Microsoft Visual Studio Solution File, Format Version 12.00
# Visual Studio Version 17
VisualStudioVersion = 17.14.36518.9 d17.14
MinimumVisualStudioVersion = 10.0.40219.1
Project("{FAE04EC0-301F-11D3-BF4B-00C04F79EFBC}") = "TeamOps.UI", "TeamOps.UI\TeamOps.UI.csproj", "{88EE78D3-CAA3-486E-A641-2AA1B938C220}"
EndProject
Project("{FAE04EC0-301F-11D3-BF4B-00C04F79EFBC}") = "TeamOps.Core", "TeamOps.Core\TeamOps.Core.csproj", "{BE867F82-33AF-49FD-97AA-26238CB5AD3A}"
EndProject
Project("{FAE04EC0-301F-11D3-BF4B-00C04F79EFBC}") = "TeamOps.Data", "TeamOps.Data\TeamOps.Data.csproj", "{43EFEE03-D653-4309-AB02-1FCA8E0798FF}"
EndProject
Project("{FAE04EC0-301F-11D3-BF4B-00C04F79EFBC}") = "TeamOps.Config", "TeamOps.Config\TeamOps.Config.csproj", "{F3178125-A6D1-4DE1-B1AD-7F0653DAC611}"
EndProject
Global
	GlobalSection(SolutionConfigurationPlatforms) = preSolution
		Debug|Any CPU = Debug|Any CPU
		Release|Any CPU = Release|Any CPU
	EndGlobalSection
	GlobalSection(ProjectConfigurationPlatforms) = postSolution
		{88EE78D3-CAA3-486E-A641-2AA1B938C220}.Debug|Any CPU.ActiveCfg = Debug|Any CPU
		{88EE78D3-CAA3-486E-A641-2AA1B938C220}.Debug|Any CPU.Build.0 = Debug|Any CPU
		{88EE78D3-CAA3-486E-A641-2AA1B938C220}.Release|Any CPU.ActiveCfg = Release|Any CPU
		{88EE78D3-CAA3-486E-A641-2AA1B938C220}.Release|Any CPU.Build.0 = Release|Any CPU
		{BE867F82-33AF-49FD-97AA-26238CB5AD3A}.Debug|Any CPU.ActiveCfg = Debug|Any CPU
		{BE867F82-33AF-49FD-97AA-26238CB5AD3A}.Debug|Any CPU.Build.0 = Debug|Any CPU
		{BE867F82-33AF-49FD-97AA-26238CB5AD3A}.Release|Any CPU.ActiveCfg = Release|Any CPU
		{BE867F82-33AF-49FD-97AA-26238CB5AD3A}.Release|Any CPU.Build.0 = Release|Any CPU
		{43EFEE03-D653-4309-AB02-1FCA8E0798FF}.Debug|Any CPU.ActiveCfg = Debug|Any CPU
		{43EFEE03-D653-4309-AB02-1FCA8E0798FF}.Debug|Any CPU.Build.0 = Debug|Any CPU
		{43EFEE03-D653-4309-AB02-1FCA8E0798FF}.Release|Any CPU.ActiveCfg = Release|Any CPU
		{43EFEE03-D653-4309-AB02-1FCA8E0798FF}.Release|Any CPU.Build.0 = Release|Any CPU
		{F3178125-A6D1-4DE1-B1AD-7F0653DAC611}.Debug|Any CPU.ActiveCfg = Debug|Any CPU
		{F3178125-A6D1-4DE1-B1AD-7F0653DAC611}.Debug|Any CPU.Build.0 = Debug|Any CPU
		{F3178125-A6D1-4DE1-B1AD-7F0653DAC611}.Release|Any CPU.ActiveCfg = Release|Any CPU
		{F3178125-A6D1-4DE1-B1AD-7F0653DAC611}.Release|Any CPU.Build.0 = Release|Any CPU
	EndGlobalSection
	GlobalSection(SolutionProperties) = preSolution
		HideSolutionNode = FALSE
	EndGlobalSection
	GlobalSection(ExtensibilityGlobals) = postSolution
		SolutionGuid = {1F0FB7B6-04E1-4AEE-9BFD-30C8A92AD2CC}
	EndGlobalSection
EndGlobal
